
Microsoft Visual Studio Solution File, Format Version 12.00
# Visual Studio Version 17
VisualStudioVersion = 17.14.36429.23 d17.14
MinimumVisualStudioVersion = 10.0.40219.1
Project("{FAE04EC0-301F-11D3-BF4B-00C04F79EFBC}") = "HA.Product", "HA.Product\HA.Product.csproj", "{5561059B-215F-4F03-B9FB-88904B90CBF4}"
EndProject
Global
	GlobalSection(SolutionConfigurationPlatforms) = preSolution
		Debug|Any CPU = Debug|Any CPU
		Release|Any CPU = Release|Any CPU
	EndGlobalSection
	GlobalSection(ProjectConfigurationPlatforms) = postSolution
		{5561059B-215F-4F03-B9FB-88904B90CBF4}.Debug|Any CPU.ActiveCfg = Debug|Any CPU
		{5561059B-215F-4F03-B9FB-88904B90CBF4}.Debug|Any CPU.Build.0 = Debug|Any CPU
		{5561059B-215F-4F03-B9FB-88904B90CBF4}.Release|Any CPU.ActiveCfg = Release|Any CPU
		{5561059B-215F-4F03-B9FB-88904B90CBF4}.Release|Any CPU.Build.0 = Release|Any CPU
	EndGlobalSection
	GlobalSection(SolutionProperties) = preSolution
		HideSolutionNode = FALSE
	EndGlobalSection
	GlobalSection(ExtensibilityGlobals) = postSolution
		SolutionGuid = {4B203D04-F84D-46A6-BC65-A30E73DCA19A}
	EndGlobalSection
EndGlobal
